
Microsoft Visual Studio Solution File, Format Version 12.00
# Visual Studio Version 17
VisualStudioVersion = 17.14.36623.8 d17.14
MinimumVisualStudioVersion = 10.0.40219.1
Project("{FAE04EC0-301F-11D3-BF4B-00C04F79EFBC}") = "WhiteLagoon.Web", "WhiteLagoon.Web\WhiteLagoon.Web.csproj", "{772119D7-DBD2-4FE9-91D4-7CFB28F3AA02}"
EndProject
Project("{FAE04EC0-301F-11D3-BF4B-00C04F79EFBC}") = "WhiteLagoon.Infrastructure", "WhiteLagoon.Infrastructure\WhiteLagoon.Infrastructure.csproj", "{E5F80DC5-7A9A-4D09-AFBE-326B1A93E31F}"
EndProject
Project("{FAE04EC0-301F-11D3-BF4B-00C04F79EFBC}") = "WhiteLagoon.Application", "WhiteLagoon.Application\WhiteLagoon.Application.csproj", "{A903524B-8709-4059-96E0-3F43CDDCEA3B}"
EndProject
Project("{FAE04EC0-301F-11D3-BF4B-00C04F79EFBC}") = "WhiteLagoon.Domain", "WhiteLagoon.Domain\WhiteLagoon.Domain.csproj", "{084F228C-804E-4BA2-A344-ED41C05C89F5}"
EndProject
Global
	GlobalSection(SolutionConfigurationPlatforms) = preSolution
		Debug|Any CPU = Debug|Any CPU
		Release|Any CPU = Release|Any CPU
	EndGlobalSection
	GlobalSection(ProjectConfigurationPlatforms) = postSolution
		{772119D7-DBD2-4FE9-91D4-7CFB28F3AA02}.Debug|Any CPU.ActiveCfg = Debug|Any CPU
		{772119D7-DBD2-4FE9-91D4-7CFB28F3AA02}.Debug|Any CPU.Build.0 = Debug|Any CPU
		{772119D7-DBD2-4FE9-91D4-7CFB28F3AA02}.Release|Any CPU.ActiveCfg = Release|Any CPU
		{772119D7-DBD2-4FE9-91D4-7CFB28F3AA02}.Release|Any CPU.Build.0 = Release|Any CPU
		{E5F80DC5-7A9A-4D09-AFBE-326B1A93E31F}.Debug|Any CPU.ActiveCfg = Debug|Any CPU
		{E5F80DC5-7A9A-4D09-AFBE-326B1A93E31F}.Debug|Any CPU.Build.0 = Debug|Any CPU
		{E5F80DC5-7A9A-4D09-AFBE-326B1A93E31F}.Release|Any CPU.ActiveCfg = Release|Any CPU
		{E5F80DC5-7A9A-4D09-AFBE-326B1A93E31F}.Release|Any CPU.Build.0 = Release|Any CPU
		{A903524B-8709-4059-96E0-3F43CDDCEA3B}.Debug|Any CPU.ActiveCfg = Debug|Any CPU
		{A903524B-8709-4059-96E0-3F43CDDCEA3B}.Debug|Any CPU.Build.0 = Debug|Any CPU
		{A903524B-8709-4059-96E0-3F43CDDCEA3B}.Release|Any CPU.ActiveCfg = Release|Any CPU
		{A903524B-8709-4059-96E0-3F43CDDCEA3B}.Release|Any CPU.Build.0 = Release|Any CPU
		{084F228C-804E-4BA2-A344-ED41C05C89F5}.Debug|Any CPU.ActiveCfg = Debug|Any CPU
		{084F228C-804E-4BA2-A344-ED41C05C89F5}.Debug|Any CPU.Build.0 = Debug|Any CPU
		{084F228C-804E-4BA2-A344-ED41C05C89F5}.Release|Any CPU.ActiveCfg = Release|Any CPU
		{084F228C-804E-4BA2-A344-ED41C05C89F5}.Release|Any CPU.Build.0 = Release|Any CPU
	EndGlobalSection
	GlobalSection(SolutionProperties) = preSolution
		HideSolutionNode = FALSE
	EndGlobalSection
	GlobalSection(ExtensibilityGlobals) = postSolution
		SolutionGuid = {5FBEF483-0623-4582-804E-01D40EF9B6B9}
	EndGlobalSection
EndGlobal
